<?xml version="1.0" encoding="utf-8"?>
<Project ToolsVersion="4.0" xmlns="http://schemas.microsoft.com/developer/msbuild/2003">
  <ItemGroup>
    <ClCompile Include="code\dllmain.cpp" />
    <ClCompile Include="code\SafeWrite.cpp" />
    <ClCompile Include="ModUtils\Patterns.cpp">
      <Filter>ModUtils</Filter>
    </ClCompile>
  </ItemGroup>
  <ItemGroup>
    <ClInclude Include="code\patches.h" />
    <ClInclude Include="code\SafeWrite.h" />
    <ClInclude Include="code\types.h" />
    <ClInclude Include="ModUtils\Patterns.h">
      <Filter>ModUtils</Filter>
    </ClInclude>
    <ClInclude Include="code\calls.h" />
  </ItemGroup>
  <ItemGroup>
    <None Include="dinput8.def" />
  </ItemGroup>
  <ItemGroup>
    <Filter Include="ModUtils">
      <UniqueIdentifier>{fcbc62a6-406b-4d97-aecb-ab2ad00fca30}</UniqueIdentifier>
    </Filter>
  </ItemGroup>
</Project>